<?xml version="1.0" encoding="utf-8"?>
<Project ToolsVersion="4.0" xmlns="http://schemas.microsoft.com/developer/msbuild/2003">
  <ItemGroup>
    <Filter Include="Source Files">
      <UniqueIdentifier>{4FC737F1-C7A5-4376-A066-2A32D752A2FF}</UniqueIdentifier>
      <Extensions>cpp;c;cc;cxx;def;odl;idl;hpj;bat;asm;asmx</Extensions>
    </Filter>
    <Filter Include="Header Files">
      <UniqueIdentifier>{93995380-89BD-4b04-88EB-625FBE52EBFB}</UniqueIdentifier>
      <Extensions>h;hpp;hxx;hm;inl;inc;xsd</Extensions>
    </Filter>
    <Filter Include="Header Files\rapidxml">
      <UniqueIdentifier>{4e8dc3b3-045d-4302-be5d-01e0a5b07d45}</UniqueIdentifier>
    </Filter>
    <Filter Include="Header Files\Resource Files">
      <UniqueIdentifier>{67DA6AB6-F800-4c08-8B7A-83BB121AAD01}</UniqueIdentifier>
      <Extensions>rc;ico;cur;bmp;dlg;rc2;rct;bin;rgs;gif;jpg;jpeg;jpe;resx;tiff;tif;png;wav;mfcribbon-ms</Extensions>
    </Filter>
    <Filter Include="Header Files\zlib">
      <UniqueIdentifier>{e3692425-0647-4163-a52a-01a1ef700b78}</UniqueIdentifier>
    </Filter>
    <Filter Include="Header Files\base64">
      <UniqueIdentifier>{82c047bf-fcf6-4109-8d37-05be447f260c}</UniqueIdentifier>
    </Filter>
  </ItemGroup>
  <ItemGroup>
    <ClCompile Include=".\EntryPoint.cpp">
      <Filter>Header Files\Resource Files</Filter>
    </ClCompile>
    <ClCompile Include=".\DrunkenWalk.cpp">
      <Filter>Header Files\Resource Files</Filter>
    </ClCompile>
    <ClCompile Include="Maptal.cpp">
      <Filter>Header Files\Resource Files</Filter>
    </ClCompile>
    <ClCompile Include="TileSpec.cpp">
      <Filter>Header Files\Resource Files</Filter>
    </ClCompile>
    <ClCompile Include="TileFactory.cpp">
      <Filter>Header Files\Resource Files</Filter>
    </ClCompile>
    <ClCompile Include="TileSet.cpp">
      <Filter>Header Files\Resource Files</Filter>
    </ClCompile>
    <ClCompile Include="zlib-1.2.7\crc32.c">
      <Filter>Header Files\zlib</Filter>
    </ClCompile>
    <ClCompile Include="zlib-1.2.7\deflate.c">
      <Filter>Header Files\zlib</Filter>
    </ClCompile>
    <ClCompile Include="zlib-1.2.7\gzclose.c">
      <Filter>Header Files\zlib</Filter>
    </ClCompile>
    <ClCompile Include="zlib-1.2.7\infback.c">
      <Filter>Header Files\zlib</Filter>
    </ClCompile>
    <ClCompile Include="zlib-1.2.7\inffast.c">
      <Filter>Header Files\zlib</Filter>
    </ClCompile>
    <ClCompile Include="zlib-1.2.7\inflate.c">
      <Filter>Header Files\zlib</Filter>
    </ClCompile>
    <ClCompile Include="zlib-1.2.7\inftrees.c">
      <Filter>Header Files\zlib</Filter>
    </ClCompile>
    <ClCompile Include="zlib-1.2.7\trees.c">
      <Filter>Header Files\zlib</Filter>
    </ClCompile>
    <ClCompile Include="zlib-1.2.7\uncompr.c">
      <Filter>Header Files\zlib</Filter>
    </ClCompile>
    <ClCompile Include="zlib-1.2.7\zutil.c">
      <Filter>Header Files\zlib</Filter>
    </ClCompile>
    <ClCompile Include=".\base64\Base64.h">
      <Filter>Header Files\base64</Filter>
    </ClCompile>
    <ClCompile Include="base64\Base64.cpp">
      <Filter>Header Files\base64</Filter>
    </ClCompile>
    <ClCompile Include="zlib-1.2.7\gzread.c">
      <Filter>Header Files\base64</Filter>
    </ClCompile>
    <ClCompile Include="zlib-1.2.7\gzwrite.c">
      <Filter>Header Files\base64</Filter>
    </ClCompile>
    <ClCompile Include="zlib-1.2.7\gzlib.c">
      <Filter>Header Files\zlib</Filter>
    </ClCompile>
    <ClCompile Include="zlib-1.2.7\compress.c">
      <Filter>Header Files\zlib</Filter>
    </ClCompile>
    <ClCompile Include="zlib-1.2.7\adler32.c">
      <Filter>Header Files\zlib</Filter>
    </ClCompile>
    <ClCompile Include="MapObject.cpp">
      <Filter>Header Files\Resource Files</Filter>
    </ClCompile>
  </ItemGroup>
  <ItemGroup>
    <ClInclude Include=".\DrunkenWalk.h">
      <Filter>Header Files</Filter>
    </ClInclude>
    <ClInclude Include=".\Maptal.h">
      <Filter>Header Files</Filter>
    </ClInclude>
    <ClInclude Include="TileSpec.h">
      <Filter>Header Files</Filter>
    </ClInclude>
    <ClInclude Include=".\TileFactory.h">
      <Filter>Header Files</Filter>
    </ClInclude>
    <ClInclude Include="rapidxml-1.13\rapidxml_utils.hpp">
      <Filter>Header Files\rapidxml</Filter>
    </ClInclude>
    <ClInclude Include="rapidxml-1.13\rapidxml_print.hpp">
      <Filter>Header Files\rapidxml</Filter>
    </ClInclude>
    <ClInclude Include="rapidxml-1.13\rapidxml_iterators.hpp">
      <Filter>Header Files\rapidxml</Filter>
    </ClInclude>
    <ClInclude Include="rapidxml-1.13\rapidxml.hpp">
      <Filter>Header Files\rapidxml</Filter>
    </ClInclude>
    <ClInclude Include="TileSet.h">
      <Filter>Header Files</Filter>
    </ClInclude>
    <ClInclude Include="zlib-1.2.7\crc32.h">
      <Filter>Header Files\zlib</Filter>
    </ClInclude>
    <ClInclude Include="zlib-1.2.7\deflate.h">
      <Filter>Header Files\zlib</Filter>
    </ClInclude>
    <ClInclude Include="zlib-1.2.7\gzguts.h">
      <Filter>Header Files\zlib</Filter>
    </ClInclude>
    <ClInclude Include="zlib-1.2.7\inffast.h">
      <Filter>Header Files\zlib</Filter>
    </ClInclude>
    <ClInclude Include="zlib-1.2.7\inffixed.h">
      <Filter>Header Files\zlib</Filter>
    </ClInclude>
    <ClInclude Include="zlib-1.2.7\inflate.h">
      <Filter>Header Files\zlib</Filter>
    </ClInclude>
    <ClInclude Include="zlib-1.2.7\inftrees.h">
      <Filter>Header Files\zlib</Filter>
    </ClInclude>
    <ClInclude Include="zlib-1.2.7\trees.h">
      <Filter>Header Files\zlib</Filter>
    </ClInclude>
    <ClInclude Include="zlib-1.2.7\zconf.h">
      <Filter>Header Files\zlib</Filter>
    </ClInclude>
    <ClInclude Include="zlib-1.2.7\zlib.h">
      <Filter>Header Files\zlib</Filter>
    </ClInclude>
    <ClInclude Include="zlib-1.2.7\zutil.h">
      <Filter>Header Files\zlib</Filter>
    </ClInclude>
    <ClInclude Include="MapObject.h">
      <Filter>Header Files</Filter>
    </ClInclude>
  </ItemGroup>
  <ItemGroup>
    <Text Include="Text.txt">
      <Filter>Source Files</Filter>
    </Text>
    <Text Include="rapidxml-1.13\license.txt">
      <Filter>Header Files\rapidxml</Filter>
    </Text>
  </ItemGroup>
  <ItemGroup>
    <Xml Include=".\tileset.xml">
      <Filter>Source Files</Filter>
    </Xml>
  </ItemGroup>
  <ItemGroup>
    <Image Include="testTile.png">
      <Filter>Source Files</Filter>
    </Image>
  </ItemGroup>
  <ItemGroup>
    <None Include="ClassDiagram.cd" />
  </ItemGroup>
</Project>